// !$*UTF8*$!
{
	archiveVersion = 1;
	classes = {
	};
	objectVersion = 55;
	objects = {

/* Begin PBXBuildFile section */
		36CD090D2803C96500D63629 /* Tests_iOS.swift in Sources */ = {isa = PBXBuildFile; fileRef = 36CD090C2803C96500D63629 /* Tests_iOS.swift */; };
		36CD090F2803C96500D63629 /* Tests_iOSLaunchTests.swift in Sources */ = {isa = PBXBuildFile; fileRef = 36CD090E2803C96500D63629 /* Tests_iOSLaunchTests.swift */; };
		36CD09192803C96500D63629 /* Tests_macOS.swift in Sources */ = {isa = PBXBuildFile; fileRef = 36CD09182803C96500D63629 /* Tests_macOS.swift */; };
		36CD091B2803C96500D63629 /* Tests_macOSLaunchTests.swift in Sources */ = {isa = PBXBuildFile; fileRef = 36CD091A2803C96500D63629 /* Tests_macOSLaunchTests.swift */; };
		36CD091C2803C96500D63629 /* PhyssBookApp.swift in Sources */ = {isa = PBXBuildFile; fileRef = 36CD08F42803C96100D63629 /* PhyssBookApp.swift */; };
		36CD091D2803C96500D63629 /* PhyssBookApp.swift in Sources */ = {isa = PBXBuildFile; fileRef = 36CD08F42803C96100D63629 /* PhyssBookApp.swift */; };
		36CD091E2803C96500D63629 /* ContentView.swift in Sources */ = {isa = PBXBuildFile; fileRef = 36CD08F52803C96100D63629 /* ContentView.swift */; };
		36CD091F2803C96500D63629 /* ContentView.swift in Sources */ = {isa = PBXBuildFile; fileRef = 36CD08F52803C96100D63629 /* ContentView.swift */; };
		36CD09202803C96500D63629 /* Assets.xcassets in Resources */ = {isa = PBXBuildFile; fileRef = 36CD08F62803C96400D63629 /* Assets.xcassets */; };
		36CD09212803C96500D63629 /* Assets.xcassets in Resources */ = {isa = PBXBuildFile; fileRef = 36CD08F62803C96400D63629 /* Assets.xcassets */; };
/* End PBXBuildFile section */

/* Begin PBXContainerItemProxy section */
		36CD09092803C96500D63629 /* PBXContainerItemProxy */ = {
			isa = PBXContainerItemProxy;
			containerPortal = 36CD08EF2803C96000D63629 /* Project object */;
			proxyType = 1;
			remoteGlobalIDString = 36CD08FA2803C96400D63629;
			remoteInfo = "PhyssBook (iOS)";
		};
		36CD09152803C96500D63629 /* PBXContainerItemProxy */ = {
			isa = PBXContainerItemProxy;
			containerPortal = 36CD08EF2803C96000D63629 /* Project object */;
			proxyType = 1;
			remoteGlobalIDString = 36CD09002803C96500D63629;
			remoteInfo = "PhyssBook (macOS)";
		};
/* End PBXContainerItemProxy section */

/* Begin PBXFileReference section */
		36CD08F42803C96100D63629 /* PhyssBookApp.swift */ = {isa = PBXFileReference; lastKnownFileType = sourcecode.swift; path = PhyssBookApp.swift; sourceTree = "<group>"; };
		36CD08F52803C96100D63629 /* ContentView.swift */ = {isa = PBXFileReference; lastKnownFileType = sourcecode.swift; path = ContentView.swift; sourceTree = "<group>"; };
		36CD08F62803C96400D63629 /* Assets.xcassets */ = {isa = PBXFileReference; lastKnownFileType = folder.assetcatalog; path = Assets.xcassets; sourceTree = "<group>"; };
		36CD08FB2803C96400D63629 /* PhyssBook.app */ = {isa = PBXFileReference; explicitFileType = wrapper.application; includeInIndex = 0; path = PhyssBook.app; sourceTree = BUILT_PRODUCTS_DIR; };
		36CD09012803C96500D63629 /* PhyssBook.app */ = {isa = PBXFileReference; explicitFileType = wrapper.application; includeInIndex = 0; path = PhyssBook.app; sourceTree = BUILT_PRODUCTS_DIR; };
		36CD09032803C96500D63629 /* macOS.entitlements */ = {isa = PBXFileReference; lastKnownFileType = text.plist.entitlements; path = macOS.entitlements; sourceTree = "<group>"; };
		36CD09082803C96500D63629 /* Tests iOS.xctest */ = {isa = PBXFileReference; explicitFileType = wrapper.cfbundle; includeInIndex = 0; path = "Tests iOS.xctest"; sourceTree = BUILT_PRODUCTS_DIR; };
		36CD090C2803C96500D63629 /* Tests_iOS.swift */ = {isa = PBXFileReference; lastKnownFileType = sourcecode.swift; path = Tests_iOS.swift; sourceTree = "<group>"; };
		36CD090E2803C96500D63629 /* Tests_iOSLaunchTests.swift */ = {isa = PBXFileReference; lastKnownFileType = sourcecode.swift; path = Tests_iOSLaunchTests.swift; sourceTree = "<group>"; };
		36CD09142803C96500D63629 /* Tests macOS.xctest */ = {isa = PBXFileReference; explicitFileType = wrapper.cfbundle; includeInIndex = 0; path = "Tests macOS.xctest"; sourceTree = BUILT_PRODUCTS_DIR; };
		36CD09182803C96500D63629 /* Tests_macOS.swift */ = {isa = PBXFileReference; lastKnownFileType = sourcecode.swift; path = Tests_macOS.swift; sourceTree = "<group>"; };
		36CD091A2803C96500D63629 /* Tests_macOSLaunchTests.swift */ = {isa = PBXFileReference; lastKnownFileType = sourcecode.swift; path = Tests_macOSLaunchTests.swift; sourceTree = "<group>"; };
/* End PBXFileReference section */

/* Begin PBXFrameworksBuildPhase section */
		36CD08F82803C96400D63629 /* Frameworks */ = {
			isa = PBXFrameworksBuildPhase;
			buildActionMask = 2147483647;
			files = (
			);
			runOnlyForDeploymentPostprocessing = 0;
		};
		36CD08FE2803C96500D63629 /* Frameworks */ = {
			isa = PBXFrameworksBuildPhase;
			buildActionMask = 2147483647;
			files = (
			);
			runOnlyForDeploymentPostprocessing = 0;
		};
		36CD09052803C96500D63629 /* Frameworks */ = {
			isa = PBXFrameworksBuildPhase;
			buildActionMask = 2147483647;
			files = (
			);
			runOnlyForDeploymentPostprocessing = 0;
		};
		36CD09112803C96500D63629 /* Frameworks */ = {
			isa = PBXFrameworksBuildPhase;
			buildActionMask = 2147483647;
			files = (
			);
			runOnlyForDeploymentPostprocessing = 0;
		};
/* End PBXFrameworksBuildPhase section */

/* Begin PBXGroup section */
		36CD08EE2803C96000D63629 = {
			isa = PBXGroup;
			children = (
				36CD08F32803C96000D63629 /* Shared */,
				36CD09022803C96500D63629 /* macOS */,
				36CD090B2803C96500D63629 /* Tests iOS */,
				36CD09172803C96500D63629 /* Tests macOS */,
				36CD08FC2803C96400D63629 /* Products */,
			);
			sourceTree = "<group>";
		};
		36CD08F32803C96000D63629 /* Shared */ = {
			isa = PBXGroup;
			children = (
				36CD08F42803C96100D63629 /* PhyssBookApp.swift */,
				36CD08F52803C96100D63629 /* ContentView.swift */,
				36CD08F62803C96400D63629 /* Assets.xcassets */,
			);
			path = Shared;
			sourceTree = "<group>";
		};
		36CD08FC2803C96400D63629 /* Products */ = {
			isa = PBXGroup;
			children = (
				36CD08FB2803C96400D63629 /* PhyssBook.app */,
				36CD09012803C96500D63629 /* PhyssBook.app */,
				36CD09082803C96500D63629 /* Tests iOS.xctest */,
				36CD09142803C96500D63629 /* Tests macOS.xctest */,
			);
			name = Products;
			sourceTree = "<group>";
		};
		36CD09022803C96500D63629 /* macOS */ = {
			isa = PBXGroup;
			children = (
				36CD09032803C96500D63629 /* macOS.entitlements */,
			);
			path = macOS;
			sourceTree = "<group>";
		};
		36CD090B2803C96500D63629 /* Tests iOS */ = {
			isa = PBXGroup;
			children = (
				36CD090C2803C96500D63629 /* Tests_iOS.swift */,
				36CD090E2803C96500D63629 /* Tests_iOSLaunchTests.swift */,
			);
			path = "Tests iOS";
			sourceTree = "<group>";
		};
		36CD09172803C96500D63629 /* Tests macOS */ = {
			isa = PBXGroup;
			children = (
				36CD09182803C96500D63629 /* Tests_macOS.swift */,
				36CD091A2803C96500D63629 /* Tests_macOSLaunchTests.swift */,
			);
			path = "Tests macOS";
			sourceTree = "<group>";
		};
/* End PBXGroup section */

/* Begin PBXNativeTarget section */
		36CD08FA2803C96400D63629 /* PhyssBook (iOS) */ = {
			isa = PBXNativeTarget;
			buildConfigurationList = 36CD09242803C96500D63629 /* Build configuration list for PBXNativeTarget "PhyssBook (iOS)" */;
			buildPhases = (
				36CD08F72803C96400D63629 /* Sources */,
				36CD08F82803C96400D63629 /* Frameworks */,
				36CD08F92803C96400D63629 /* Resources */,
			);
			buildRules = (
			);
			dependencies = (
			);
			name = "PhyssBook (iOS)";
			productName = "PhyssBook (iOS)";
			productReference = 36CD08FB2803C96400D63629 /* PhyssBook.app */;
			productType = "com.apple.product-type.application";
		};
		36CD09002803C96500D63629 /* PhyssBook (macOS) */ = {
			isa = PBXNativeTarget;
			buildConfigurationList = 36CD09272803C96500D63629 /* Build configuration list for PBXNativeTarget "PhyssBook (macOS)" */;
			buildPhases = (
				36CD08FD2803C96500D63629 /* Sources */,
				36CD08FE2803C96500D63629 /* Frameworks */,
				36CD08FF2803C96500D63629 /* Resources */,
			);
			buildRules = (
			);
			dependencies = (
			);
			name = "PhyssBook (macOS)";
			productName = "PhyssBook (macOS)";
			productReference = 36CD09012803C96500D63629 /* PhyssBook.app */;
			productType = "com.apple.product-type.application";
		};
		36CD09072803C96500D63629 /* Tests iOS */ = {
			isa = PBXNativeTarget;
			buildConfigurationList = 36CD092A2803C96500D63629 /* Build configuration list for PBXNativeTarget "Tests iOS" */;
			buildPhases = (
				36CD09042803C96500D63629 /* Sources */,
				36CD09052803C96500D63629 /* Frameworks */,
				36CD09062803C96500D63629 /* Resources */,
			);
			buildRules = (
			);
			dependencies = (
				36CD090A2803C96500D63629 /* PBXTargetDependency */,
			);
			name = "Tests iOS";
			productName = "Tests iOS";
			productReference = 36CD09082803C96500D63629 /* Tests iOS.xctest */;
			productType = "com.apple.product-type.bundle.ui-testing";
		};
		36CD09132803C96500D63629 /* Tests macOS */ = {
			isa = PBXNativeTarget;
			buildConfigurationList = 36CD092D2803C96500D63629 /* Build configuration list for PBXNativeTarget "Tests macOS" */;
			buildPhases = (
				36CD09102803C96500D63629 /* Sources */,
				36CD09112803C96500D63629 /* Frameworks */,
				36CD09122803C96500D63629 /* Resources */,
			);
			buildRules = (
			);
			dependencies = (
				36CD09162803C96500D63629 /* PBXTargetDependency */,
			);
			name = "Tests macOS";
			productName = "Tests macOS";
			productReference = 36CD09142803C96500D63629 /* Tests macOS.xctest */;
			productType = "com.apple.product-type.bundle.ui-testing";
		};
/* End PBXNativeTarget section */

/* Begin PBXProject section */
		36CD08EF2803C96000D63629 /* Project object */ = {
			isa = PBXProject;
			attributes = {
				BuildIndependentTargetsInParallel = 1;
				LastSwiftUpdateCheck = 1330;
				LastUpgradeCheck = 1330;
				TargetAttributes = {
					36CD08FA2803C96400D63629 = {
						CreatedOnToolsVersion = 13.3;
					};
					36CD09002803C96500D63629 = {
						CreatedOnToolsVersion = 13.3;
					};
					36CD09072803C96500D63629 = {
						CreatedOnToolsVersion = 13.3;
						TestTargetID = 36CD08FA2803C96400D63629;
					};
					36CD09132803C96500D63629 = {
						CreatedOnToolsVersion = 13.3;
						TestTargetID = 36CD09002803C96500D63629;
					};
				};
			};
			buildConfigurationList = 36CD08F22803C96000D63629 /* Build configuration list for PBXProject "PhyssBook" */;
			compatibilityVersion = "Xcode 13.0";
			developmentRegion = en;
			hasScannedForEncodings = 0;
			knownRegions = (
				en,
				Base,
			);
			mainGroup = 36CD08EE2803C96000D63629;
			productRefGroup = 36CD08FC2803C96400D63629 /* Products */;
			projectDirPath = "";
			projectRoot = "";
			targets = (
				36CD08FA2803C96400D63629 /* PhyssBook (iOS) */,
				36CD09002803C96500D63629 /* PhyssBook (macOS) */,
				36CD09072803C96500D63629 /* Tests iOS */,
				36CD09132803C96500D63629 /* Tests macOS */,
			);
		};
/* End PBXProject section */

/* Begin PBXResourcesBuildPhase section */
		36CD08F92803C96400D63629 /* Resources */ = {
			isa = PBXResourcesBuildPhase;
			buildActionMask = 2147483647;
			files = (
				36CD09202803C96500D63629 /* Assets.xcassets in Resources */,
			);
			runOnlyForDeploymentPostprocessing = 0;
		};
		36CD08FF2803C96500D63629 /* Resources */ = {
			isa = PBXResourcesBuildPhase;
			buildActionMask = 2147483647;
			files = (
				36CD09212803C96500D63629 /* Assets.xcassets in Resources */,
			);
			runOnlyForDeploymentPostprocessing = 0;
		};
		36CD09062803C96500D63629 /* Resources */ = {
			isa = PBXResourcesBuildPhase;
			buildActionMask = 2147483647;
			files = (
			);
			runOnlyForDeploymentPostprocessing = 0;
		};
		36CD09122803C96500D63629 /* Resources */ = {
			isa = PBXResourcesBuildPhase;
			buildActionMask = 2147483647;
			files = (
			);
			runOnlyForDeploymentPostprocessing = 0;
		};
/* End PBXResourcesBuildPhase section */

/* Begin PBXSourcesBuildPhase section */
		36CD08F72803C96400D63629 /* Sources */ = {
			isa = PBXSourcesBuildPhase;
			buildActionMask = 2147483647;
			files = (
				36CD091E2803C96500D63629 /* ContentView.swift in Sources */,
				36CD091C2803C96500D63629 /* PhyssBookApp.swift in Sources */,
			);
			runOnlyForDeploymentPostprocessing = 0;
		};
		36CD08FD2803C96500D63629 /* Sources */ = {
			isa = PBXSourcesBuildPhase;
			buildActionMask = 2147483647;
			files = (
				36CD091F2803C96500D63629 /* ContentView.swift in Sources */,
				36CD091D2803C96500D63629 /* PhyssBookApp.swift in Sources */,
			);
			runOnlyForDeploymentPostprocessing = 0;
		};
		36CD09042803C96500D63629 /* Sources */ = {
			isa = PBXSourcesBuildPhase;
			buildActionMask = 2147483647;
			files = (
				36CD090F2803C96500D63629 /* Tests_iOSLaunchTests.swift in Sources */,
				36CD090D2803C96500D63629 /* Tests_iOS.swift in Sources */,
			);
			runOnlyForDeploymentPostprocessing = 0;
		};
		36CD09102803C96500D63629 /* Sources */ = {
			isa = PBXSourcesBuildPhase;
			buildActionMask = 2147483647;
			files = (
				36CD091B2803C96500D63629 /* Tests_macOSLaunchTests.swift in Sources */,
				36CD09192803C96500D63629 /* Tests_macOS.swift in Sources */,
			);
			runOnlyForDeploymentPostprocessing = 0;
		};
/* End PBXSourcesBuildPhase section */

/* Begin PBXTargetDependency section */
		36CD090A2803C96500D63629 /* PBXTargetDependency */ = {
			isa = PBXTargetDependency;
			target = 36CD08FA2803C96400D63629 /* PhyssBook (iOS) */;
			targetProxy = 36CD09092803C96500D63629 /* PBXContainerItemProxy */;
		};
		36CD09162803C96500D63629 /* PBXTargetDependency */ = {
			isa = PBXTargetDependency;
			target = 36CD09002803C96500D63629 /* PhyssBook (macOS) */;
			targetProxy = 36CD09152803C96500D63629 /* PBXContainerItemProxy */;
		};
/* End PBXTargetDependency section */

/* Begin XCBuildConfiguration section */
		36CD09222803C96500D63629 /* Debug */ = {
			isa = XCBuildConfiguration;
			buildSettings = {
				ALWAYS_SEARCH_USER_PATHS = NO;
				CLANG_ANALYZER_NONNULL = YES;
				CLANG_ANALYZER_NUMBER_OBJECT_CONVERSION = YES_AGGRESSIVE;
				CLANG_CXX_LANGUAGE_STANDARD = "gnu++17";
				CLANG_ENABLE_MODULES = YES;
				CLANG_ENABLE_OBJC_ARC = YES;
				CLANG_ENABLE_OBJC_WEAK = YES;
				CLANG_WARN_BLOCK_CAPTURE_AUTORELEASING = YES;
				CLANG_WARN_BOOL_CONVERSION = YES;
				CLANG_WARN_COMMA = YES;
				CLANG_WARN_CONSTANT_CONVERSION = YES;
				CLANG_WARN_DEPRECATED_OBJC_IMPLEMENTATIONS = YES;
				CLANG_WARN_DIRECT_OBJC_ISA_USAGE = YES_ERROR;
				CLANG_WARN_DOCUMENTATION_COMMENTS = YES;
				CLANG_WARN_EMPTY_BODY = YES;
				CLANG_WARN_ENUM_CONVERSION = YES;
				CLANG_WARN_INFINITE_RECURSION = YES;
				CLANG_WARN_INT_CONVERSION = YES;
				CLANG_WARN_NON_LITERAL_NULL_CONVERSION = YES;
				CLANG_WARN_OBJC_IMPLICIT_RETAIN_SELF = YES;
				CLANG_WARN_OBJC_LITERAL_CONVERSION = YES;
				CLANG_WARN_OBJC_ROOT_CLASS = YES_ERROR;
				CLANG_WARN_QUOTED_INCLUDE_IN_FRAMEWORK_HEADER = YES;
				CLANG_WARN_RANGE_LOOP_ANALYSIS = YES;
				CLANG_WARN_STRICT_PROTOTYPES = YES;
				CLANG_WARN_SUSPICIOUS_MOVE = YES;
				CLANG_WARN_UNGUARDED_AVAILABILITY = YES_AGGRESSIVE;
				CLANG_WARN_UNREACHABLE_CODE = YES;
				CLANG_WARN__DUPLICATE_METHOD_MATCH = YES;
				COPY_PHASE_STRIP = NO;
				DEBUG_INFORMATION_FORMAT = dwarf;
				ENABLE_STRICT_OBJC_MSGSEND = YES;
				ENABLE_TESTABILITY = YES;
				GCC_C_LANGUAGE_STANDARD = gnu11;
				GCC_DYNAMIC_NO_PIC = NO;
				GCC_NO_COMMON_BLOCKS = YES;
				GCC_OPTIMIZATION_LEVEL = 0;
				GCC_PREPROCESSOR_DEFINITIONS = (
					"DEBUG=1",
					"$(inherited)",
				);
				GCC_WARN_64_TO_32_BIT_CONVERSION = YES;
				GCC_WARN_ABOUT_RETURN_TYPE = YES_ERROR;
				GCC_WARN_UNDECLARED_SELECTOR = YES;
				GCC_WARN_UNINITIALIZED_AUTOS = YES_AGGRESSIVE;
				GCC_WARN_UNUSED_FUNCTION = YES;
				GCC_WARN_UNUSED_VARIABLE = YES;
				MTL_ENABLE_DEBUG_INFO = INCLUDE_SOURCE;
				MTL_FAST_MATH = YES;
				ONLY_ACTIVE_ARCH = YES;
				SWIFT_ACTIVE_COMPILATION_CONDITIONS = DEBUG;
				SWIFT_OPTIMIZATION_LEVEL = "-Onone";
			};
			name = Debug;
		};
		36CD09232803C96500D63629 /* Release */ = {
			isa = XCBuildConfiguration;
			buildSettings = {
				ALWAYS_SEARCH_USER_PATHS = NO;
				CLANG_ANALYZER_NONNULL = YES;
				CLANG_ANALYZER_NUMBER_OBJECT_CONVERSION = YES_AGGRESSIVE;
				CLANG_CXX_LANGUAGE_STANDARD = "gnu++17";
				CLANG_ENABLE_MODULES = YES;
				CLANG_ENABLE_OBJC_ARC = YES;
				CLANG_ENABLE_OBJC_WEAK = YES;
				CLANG_WARN_BLOCK_CAPTURE_AUTORELEASING = YES;
				CLANG_WARN_BOOL_CONVERSION = YES;
				CLANG_WARN_COMMA = YES;
				CLANG_WARN_CONSTANT_CONVERSION = YES;
				CLANG_WARN_DEPRECATED_OBJC_IMPLEMENTATIONS = YES;
				CLANG_WARN_DIRECT_OBJC_ISA_USAGE = YES_ERROR;
				CLANG_WARN_DOCUMENTATION_COMMENTS = YES;
				CLANG_WARN_EMPTY_BODY = YES;
				CLANG_WARN_ENUM_CONVERSION = YES;
				CLANG_WARN_INFINITE_RECURSION = YES;
				CLANG_WARN_INT_CONVERSION = YES;
				CLANG_WARN_NON_LITERAL_NULL_CONVERSION = YES;
				CLANG_WARN_OBJC_IMPLICIT_RETAIN_SELF = YES;
				CLANG_WARN_OBJC_LITERAL_CONVERSION = YES;
				CLANG_WARN_OBJC_ROOT_CLASS = YES_ERROR;
				CLANG_WARN_QUOTED_INCLUDE_IN_FRAMEWORK_HEADER = YES;
				CLANG_WARN_RANGE_LOOP_ANALYSIS = YES;
				CLANG_WARN_STRICT_PROTOTYPES = YES;
				CLANG_WARN_SUSPICIOUS_MOVE = YES;
				CLANG_WARN_UNGUARDED_AVAILABILITY = YES_AGGRESSIVE;
				CLANG_WARN_UNREACHABLE_CODE = YES;
				CLANG_WARN__DUPLICATE_METHOD_MATCH = YES;
				COPY_PHASE_STRIP = NO;
				DEBUG_INFORMATION_FORMAT = "dwarf-with-dsym";
				ENABLE_NS_ASSERTIONS = NO;
				ENABLE_STRICT_OBJC_MSGSEND = YES;
				GCC_C_LANGUAGE_STANDARD = gnu11;
				GCC_NO_COMMON_BLOCKS = YES;
				GCC_WARN_64_TO_32_BIT_CONVERSION = YES;
				GCC_WARN_ABOUT_RETURN_TYPE = YES_ERROR;
				GCC_WARN_UNDECLARED_SELECTOR = YES;
				GCC_WARN_UNINITIALIZED_AUTOS = YES_AGGRESSIVE;
				GCC_WARN_UNUSED_FUNCTION = YES;
				GCC_WARN_UNUSED_VARIABLE = YES;
				MTL_ENABLE_DEBUG_INFO = NO;
				MTL_FAST_MATH = YES;
				SWIFT_COMPILATION_MODE = wholemodule;
				SWIFT_OPTIMIZATION_LEVEL = "-O";
			};
			name = Release;
		};
		36CD09252803C96500D63629 /* Debug */ = {
			isa = XCBuildConfiguration;
			buildSettings = {
				ASSETCATALOG_COMPILER_APPICON_NAME = AppIcon;
				ASSETCATALOG_COMPILER_GLOBAL_ACCENT_COLOR_NAME = AccentColor;
				CODE_SIGN_STYLE = Automatic;
				CURRENT_PROJECT_VERSION = 1;
				ENABLE_PREVIEWS = YES;
				GENERATE_INFOPLIST_FILE = YES;
				INFOPLIST_KEY_UIApplicationSceneManifest_Generation = YES;
				INFOPLIST_KEY_UIApplicationSupportsIndirectInputEvents = YES;
				INFOPLIST_KEY_UILaunchScreen_Generation = YES;
				INFOPLIST_KEY_UISupportedInterfaceOrientations_iPad = "UIInterfaceOrientationPortrait UIInterfaceOrientationPortraitUpsideDown UIInterfaceOrientationLandscapeLeft UIInterfaceOrientationLandscapeRight";
				INFOPLIST_KEY_UISupportedInterfaceOrientations_iPhone = "UIInterfaceOrientationPortrait UIInterfaceOrientationLandscapeLeft UIInterfaceOrientationLandscapeRight";
				IPHONEOS_DEPLOYMENT_TARGET = 15.4;
				LD_RUNPATH_SEARCH_PATHS = (
					"$(inherited)",
					"@executable_path/Frameworks",
				);
				MARKETING_VERSION = 1.0;
				PRODUCT_BUNDLE_IDENTIFIER = "ae-ensam.PhyssBook";
				PRODUCT_NAME = PhyssBook;
				SDKROOT = iphoneos;
				SWIFT_EMIT_LOC_STRINGS = YES;
				SWIFT_VERSION = 5.0;
				TARGETED_DEVICE_FAMILY = "1,2";
			};
			name = Debug;
		};
		36CD09262803C96500D63629 /* Release */ = {
			isa = XCBuildConfiguration;
			buildSettings = {
				ASSETCATALOG_COMPILER_APPICON_NAME = AppIcon;
				ASSETCATALOG_COMPILER_GLOBAL_ACCENT_COLOR_NAME = AccentColor;
				CODE_SIGN_STYLE = Automatic;
				CURRENT_PROJECT_VERSION = 1;
				ENABLE_PREVIEWS = YES;
				GENERATE_INFOPLIST_FILE = YES;
				INFOPLIST_KEY_UIApplicationSceneManifest_Generation = YES;
				INFOPLIST_KEY_UIApplicationSupportsIndirectInputEvents = YES;
				INFOPLIST_KEY_UILaunchScreen_Generation = YES;
				INFOPLIST_KEY_UISupportedInterfaceOrientations_iPad = "UIInterfaceOrientationPortrait UIInterfaceOrientationPortraitUpsideDown UIInterfaceOrientationLandscapeLeft UIInterfaceOrientationLandscapeRight";
				INFOPLIST_KEY_UISupportedInterfaceOrientations_iPhone = "UIInterfaceOrientationPortrait UIInterfaceOrientationLandscapeLeft UIInterfaceOrientationLandscapeRight";
				IPHONEOS_DEPLOYMENT_TARGET = 15.4;
				LD_RUNPATH_SEARCH_PATHS = (
					"$(inherited)",
					"@executable_path/Frameworks",
				);
				MARKETING_VERSION = 1.0;
				PRODUCT_BUNDLE_IDENTIFIER = "ae-ensam.PhyssBook";
				PRODUCT_NAME = PhyssBook;
				SDKROOT = iphoneos;
				SWIFT_EMIT_LOC_STRINGS = YES;
				SWIFT_VERSION = 5.0;
				TARGETED_DEVICE_FAMILY = "1,2";
				VALIDATE_PRODUCT = YES;
			};
			name = Release;
		};
		36CD09282803C96500D63629 /* Debug */ = {
			isa = XCBuildConfiguration;
			buildSettings = {
				ASSETCATALOG_COMPILER_APPICON_NAME = AppIcon;
				ASSETCATALOG_COMPILER_GLOBAL_ACCENT_COLOR_NAME = AccentColor;
				CODE_SIGN_ENTITLEMENTS = macOS/macOS.entitlements;
				CODE_SIGN_STYLE = Automatic;
				COMBINE_HIDPI_IMAGES = YES;
				CURRENT_PROJECT_VERSION = 1;
				ENABLE_PREVIEWS = YES;
				GENERATE_INFOPLIST_FILE = YES;
				INFOPLIST_KEY_NSHumanReadableCopyright = "";
				LD_RUNPATH_SEARCH_PATHS = (
					"$(inherited)",
					"@executable_path/../Frameworks",
				);
				MACOSX_DEPLOYMENT_TARGET = 12.3;
				MARKETING_VERSION = 1.0;
				PRODUCT_BUNDLE_IDENTIFIER = "ae-ensam.PhyssBook";
				PRODUCT_NAME = PhyssBook;
				SDKROOT = macosx;
				SWIFT_EMIT_LOC_STRINGS = YES;
				SWIFT_VERSION = 5.0;
			};
			name = Debug;
		};
		36CD09292803C96500D63629 /* Release */ = {
			isa = XCBuildConfiguration;
			buildSettings = {
				ASSETCATALOG_COMPILER_APPICON_NAME = AppIcon;
				ASSETCATALOG_COMPILER_GLOBAL_ACCENT_COLOR_NAME = AccentColor;
				CODE_SIGN_ENTITLEMENTS = macOS/macOS.entitlements;
				CODE_SIGN_STYLE = Automatic;
				COMBINE_HIDPI_IMAGES = YES;
				CURRENT_PROJECT_VERSION = 1;
				ENABLE_PREVIEWS = YES;
				GENERATE_INFOPLIST_FILE = YES;
				INFOPLIST_KEY_NSHumanReadableCopyright = "";
				LD_RUNPATH_SEARCH_PATHS = (
					"$(inherited)",
					"@executable_path/../Frameworks",
				);
				MACOSX_DEPLOYMENT_TARGET = 12.3;
				MARKETING_VERSION = 1.0;
				PRODUCT_BUNDLE_IDENTIFIER = "ae-ensam.PhyssBook";
				PRODUCT_NAME = PhyssBook;
				SDKROOT = macosx;
				SWIFT_EMIT_LOC_STRINGS = YES;
				SWIFT_VERSION = 5.0;
			};
			name = Release;
		};
		36CD092B2803C96500D63629 /* Debug */ = {
			isa = XCBuildConfiguration;
			buildSettings = {
				ALWAYS_EMBED_SWIFT_STANDARD_LIBRARIES = YES;
				CODE_SIGN_STYLE = Automatic;
				CURRENT_PROJECT_VERSION = 1;
				GENERATE_INFOPLIST_FILE = YES;
				IPHONEOS_DEPLOYMENT_TARGET = 15.4;
				MARKETING_VERSION = 1.0;
				PRODUCT_BUNDLE_IDENTIFIER = "ae-ensam.Tests-iOS";
				PRODUCT_NAME = "$(TARGET_NAME)";
				SDKROOT = iphoneos;
				SWIFT_EMIT_LOC_STRINGS = NO;
				SWIFT_VERSION = 5.0;
				TARGETED_DEVICE_FAMILY = "1,2";
				TEST_TARGET_NAME = "PhyssBook (iOS)";
			};
			name = Debug;
		};
		36CD092C2803C96500D63629 /* Release */ = {
			isa = XCBuildConfiguration;
			buildSettings = {
				ALWAYS_EMBED_SWIFT_STANDARD_LIBRARIES = YES;
				CODE_SIGN_STYLE = Automatic;
				CURRENT_PROJECT_VERSION = 1;
				GENERATE_INFOPLIST_FILE = YES;
				IPHONEOS_DEPLOYMENT_TARGET = 15.4;
				MARKETING_VERSION = 1.0;
				PRODUCT_BUNDLE_IDENTIFIER = "ae-ensam.Tests-iOS";
				PRODUCT_NAME = "$(TARGET_NAME)";
				SDKROOT = iphoneos;
				SWIFT_EMIT_LOC_STRINGS = NO;
				SWIFT_VERSION = 5.0;
				TARGETED_DEVICE_FAMILY = "1,2";
				TEST_TARGET_NAME = "PhyssBook (iOS)";
				VALIDATE_PRODUCT = YES;
			};
			name = Release;
		};
		36CD092E2803C96500D63629 /* Debug */ = {
			isa = XCBuildConfiguration;
			buildSettings = {
				ALWAYS_EMBED_SWIFT_STANDARD_LIBRARIES = YES;
				CODE_SIGN_STYLE = Automatic;
				CURRENT_PROJECT_VERSION = 1;
				GENERATE_INFOPLIST_FILE = YES;
				MACOSX_DEPLOYMENT_TARGET = 12.3;
				MARKETING_VERSION = 1.0;
				PRODUCT_BUNDLE_IDENTIFIER = "ae-ensam.Tests-macOS";
				PRODUCT_NAME = "$(TARGET_NAME)";
				SDKROOT = macosx;
				SWIFT_EMIT_LOC_STRINGS = NO;
				SWIFT_VERSION = 5.0;
				TEST_TARGET_NAME = "PhyssBook (macOS)";
			};
			name = Debug;
		};
		36CD092F2803C96500D63629 /* Release */ = {
			isa = XCBuildConfiguration;
			buildSettings = {
				ALWAYS_EMBED_SWIFT_STANDARD_LIBRARIES = YES;
				CODE_SIGN_STYLE = Automatic;
				CURRENT_PROJECT_VERSION = 1;
				GENERATE_INFOPLIST_FILE = YES;
				MACOSX_DEPLOYMENT_TARGET = 12.3;
				MARKETING_VERSION = 1.0;
				PRODUCT_BUNDLE_IDENTIFIER = "ae-ensam.Tests-macOS";
				PRODUCT_NAME = "$(TARGET_NAME)";
				SDKROOT = macosx;
				SWIFT_EMIT_LOC_STRINGS = NO;
				SWIFT_VERSION = 5.0;
				TEST_TARGET_NAME = "PhyssBook (macOS)";
			};
			name = Release;
		};
/* End XCBuildConfiguration section */

/* Begin XCConfigurationList section */
		36CD08F22803C96000D63629 /* Build configuration list for PBXProject "PhyssBook" */ = {
			isa = XCConfigurationList;
			buildConfigurations = (
				36CD09222803C96500D63629 /* Debug */,
				36CD09232803C96500D63629 /* Release */,
			);
			defaultConfigurationIsVisible = 0;
			defaultConfigurationName = Release;
		};
		36CD09242803C96500D63629 /* Build configuration list for PBXNativeTarget "PhyssBook (iOS)" */ = {
			isa = XCConfigurationList;
			buildConfigurations = (
				36CD09252803C96500D63629 /* Debug */,
				36CD09262803C96500D63629 /* Release */,
			);
			defaultConfigurationIsVisible = 0;
			defaultConfigurationName = Release;
		};
		36CD09272803C96500D63629 /* Build configuration list for PBXNativeTarget "PhyssBook (macOS)" */ = {
			isa = XCConfigurationList;
			buildConfigurations = (
				36CD09282803C96500D63629 /* Debug */,
				36CD09292803C96500D63629 /* Release */,
			);
			defaultConfigurationIsVisible = 0;
			defaultConfigurationName = Release;
		};
		36CD092A2803C96500D63629 /* Build configuration list for PBXNativeTarget "Tests iOS" */ = {
			isa = XCConfigurationList;
			buildConfigurations = (
				36CD092B2803C96500D63629 /* Debug */,
				36CD092C2803C96500D63629 /* Release */,
			);
			defaultConfigurationIsVisible = 0;
			defaultConfigurationName = Release;
		};
		36CD092D2803C96500D63629 /* Build configuration list for PBXNativeTarget "Tests macOS" */ = {
			isa = XCConfigurationList;
			buildConfigurations = (
				36CD092E2803C96500D63629 /* Debug */,
				36CD092F2803C96500D63629 /* Release */,
			);
			defaultConfigurationIsVisible = 0;
			defaultConfigurationName = Release;
		};
/* End XCConfigurationList section */
	};
	rootObject = 36CD08EF2803C96000D63629 /* Project object */;
}
